// !$*UTF8*$!
{
	archiveVersion = 1;
	classes = {
	};
	objectVersion = 46;
	objects = {

/* Begin PBXBuildFile section */
		259D903E1ED586780053601D /* main.m in Sources */ = {isa = PBXBuildFile; fileRef = 259D903D1ED586780053601D /* main.m */; };
		259D90411ED586780053601D /* AppDelegate.m in Sources */ = {isa = PBXBuildFile; fileRef = 259D90401ED586780053601D /* AppDelegate.m */; };
		259D90441ED586780053601D /* ViewController.m in Sources */ = {isa = PBXBuildFile; fileRef = 259D90431ED586780053601D /* ViewController.m */; };
		259D90471ED586780053601D /* Main.storyboard in Resources */ = {isa = PBXBuildFile; fileRef = 259D90451ED586780053601D /* Main.storyboard */; };
		259D90491ED586780053601D /* Assets.xcassets in Resources */ = {isa = PBXBuildFile; fileRef = 259D90481ED586780053601D /* Assets.xcassets */; };
		259D904C1ED586780053601D /* LaunchScreen.storyboard in Resources */ = {isa = PBXBuildFile; fileRef = 259D904A1ED586780053601D /* LaunchScreen.storyboard */; };
		259D90681ED66DE30053601D /* dataList.plist in Resources */ = {isa = PBXBuildFile; fileRef = 259D90671ED66DE30053601D /* dataList.plist */; };
		259D906E1ED679150053601D /* MMDateView.m in Sources */ = {isa = PBXBuildFile; fileRef = 259D906B1ED679150053601D /* MMDateView.m */; };
		259D906F1ED679150053601D /* MMPinView.m in Sources */ = {isa = PBXBuildFile; fileRef = 259D906D1ED679150053601D /* MMPinView.m */; };
		259D90711ED679430053601D /* MMPopViewController.m in Sources */ = {isa = PBXBuildFile; fileRef = 259D90701ED679430053601D /* MMPopViewController.m */; };
		259D90751ED67B810053601D /* NSObject+HUD.m in Sources */ = {isa = PBXBuildFile; fileRef = 259D90741ED67B810053601D /* NSObject+HUD.m */; };
		25A2E1191ED7C8500068DEC5 /* HZPopCategory.m in Sources */ = {isa = PBXBuildFile; fileRef = 25A2E1181ED7C8500068DEC5 /* HZPopCategory.m */; };
		25A2E11D1ED7D2CA0068DEC5 /* HZPopBackground.m in Sources */ = {isa = PBXBuildFile; fileRef = 25A2E11C1ED7D2CA0068DEC5 /* HZPopBackground.m */; };
		25A2E1221ED7E5FA0068DEC5 /* TBActionViewController.m in Sources */ = {isa = PBXBuildFile; fileRef = 25A2E1201ED7E5FA0068DEC5 /* TBActionViewController.m */; };
		25A2E1251ED7E6330068DEC5 /* HZTestViewController.m in Sources */ = {isa = PBXBuildFile; fileRef = 25A2E1241ED7E6330068DEC5 /* HZTestViewController.m */; };
		25A2E1271ED80BDF0068DEC5 /* HZPopContainer.m in Sources */ = {isa = PBXBuildFile; fileRef = 25A2E1261ED80BDF0068DEC5 /* HZPopContainer.m */; };
		25C233F01ED692B600A1E2EC /* UIViewController+HZAlert.m in Sources */ = {isa = PBXBuildFile; fileRef = 25C233EF1ED692B600A1E2EC /* UIViewController+HZAlert.m */; };
		25C2340E1ED6BF2200A1E2EC /* HZPopViewController.m in Sources */ = {isa = PBXBuildFile; fileRef = 25C2340D1ED6BF2200A1E2EC /* HZPopViewController.m */; };
		25C234111ED6BF7000A1E2EC /* HZPopView.m in Sources */ = {isa = PBXBuildFile; fileRef = 25C234101ED6BF7000A1E2EC /* HZPopView.m */; };
		25FA4FD51ED928DD00678477 /* HZAlertView.m in Sources */ = {isa = PBXBuildFile; fileRef = 25FA4FD41ED928DD00678477 /* HZAlertView.m */; };
		25FA4FD81ED928F600678477 /* HZSheetView.m in Sources */ = {isa = PBXBuildFile; fileRef = 25FA4FD71ED928F600678477 /* HZSheetView.m */; };
		785D4783512D966C51827487 /* libPods-HZPopView.a in Frameworks */ = {isa = PBXBuildFile; fileRef = C417B6CA6CCDE06900453BBC /* libPods-HZPopView.a */; };
/* End PBXBuildFile section */

/* Begin PBXFileReference section */
		259D90391ED586780053601D /* HZPopView.app */ = {isa = PBXFileReference; explicitFileType = wrapper.application; includeInIndex = 0; path = HZPopView.app; sourceTree = BUILT_PRODUCTS_DIR; };
		259D903D1ED586780053601D /* main.m */ = {isa = PBXFileReference; lastKnownFileType = sourcecode.c.objc; path = main.m; sourceTree = "<group>"; };
		259D903F1ED586780053601D /* AppDelegate.h */ = {isa = PBXFileReference; lastKnownFileType = sourcecode.c.h; path = AppDelegate.h; sourceTree = "<group>"; };
		259D90401ED586780053601D /* AppDelegate.m */ = {isa = PBXFileReference; lastKnownFileType = sourcecode.c.objc; path = AppDelegate.m; sourceTree = "<group>"; };
		259D90421ED586780053601D /* ViewController.h */ = {isa = PBXFileReference; lastKnownFileType = sourcecode.c.h; path = ViewController.h; sourceTree = "<group>"; };
		259D90431ED586780053601D /* ViewController.m */ = {isa = PBXFileReference; lastKnownFileType = sourcecode.c.objc; path = ViewController.m; sourceTree = "<group>"; };
		259D90461ED586780053601D /* Base */ = {isa = PBXFileReference; lastKnownFileType = file.storyboard; name = Base; path = Base.lproj/Main.storyboard; sourceTree = "<group>"; };
		259D90481ED586780053601D /* Assets.xcassets */ = {isa = PBXFileReference; lastKnownFileType = folder.assetcatalog; path = Assets.xcassets; sourceTree = "<group>"; };
		259D904B1ED586780053601D /* Base */ = {isa = PBXFileReference; lastKnownFileType = file.storyboard; name = Base; path = Base.lproj/LaunchScreen.storyboard; sourceTree = "<group>"; };
		259D904D1ED586780053601D /* Info.plist */ = {isa = PBXFileReference; lastKnownFileType = text.plist.xml; path = Info.plist; sourceTree = "<group>"; };
		259D90671ED66DE30053601D /* dataList.plist */ = {isa = PBXFileReference; fileEncoding = 4; lastKnownFileType = text.plist.xml; path = dataList.plist; sourceTree = "<group>"; };
		259D906A1ED679150053601D /* MMDateView.h */ = {isa = PBXFileReference; fileEncoding = 4; lastKnownFileType = sourcecode.c.h; path = MMDateView.h; sourceTree = "<group>"; };
		259D906B1ED679150053601D /* MMDateView.m */ = {isa = PBXFileReference; fileEncoding = 4; lastKnownFileType = sourcecode.c.objc; path = MMDateView.m; sourceTree = "<group>"; };
		259D906C1ED679150053601D /* MMPinView.h */ = {isa = PBXFileReference; fileEncoding = 4; lastKnownFileType = sourcecode.c.h; path = MMPinView.h; sourceTree = "<group>"; };
		259D906D1ED679150053601D /* MMPinView.m */ = {isa = PBXFileReference; fileEncoding = 4; lastKnownFileType = sourcecode.c.objc; path = MMPinView.m; sourceTree = "<group>"; };
		259D90701ED679430053601D /* MMPopViewController.m */ = {isa = PBXFileReference; fileEncoding = 4; lastKnownFileType = sourcecode.c.objc; path = MMPopViewController.m; sourceTree = "<group>"; };
		259D90721ED679510053601D /* MMPopViewController.h */ = {isa = PBXFileReference; lastKnownFileType = sourcecode.c.h; path = MMPopViewController.h; sourceTree = "<group>"; };
		259D90731ED67B810053601D /* NSObject+HUD.h */ = {isa = PBXFileReference; fileEncoding = 4; lastKnownFileType = sourcecode.c.h; path = "NSObject+HUD.h"; sourceTree = "<group>"; };
		259D90741ED67B810053601D /* NSObject+HUD.m */ = {isa = PBXFileReference; fileEncoding = 4; lastKnownFileType = sourcecode.c.objc; path = "NSObject+HUD.m"; sourceTree = "<group>"; };
		25A2E1181ED7C8500068DEC5 /* HZPopCategory.m */ = {isa = PBXFileReference; fileEncoding = 4; lastKnownFileType = sourcecode.c.objc; path = HZPopCategory.m; sourceTree = "<group>"; };
		25A2E11A1ED7C8650068DEC5 /* HZPopCategory.h */ = {isa = PBXFileReference; lastKnownFileType = sourcecode.c.h; path = HZPopCategory.h; sourceTree = "<group>"; };
		25A2E11B1ED7D2B70068DEC5 /* HZPopBackground.h */ = {isa = PBXFileReference; lastKnownFileType = sourcecode.c.h; path = HZPopBackground.h; sourceTree = "<group>"; };
		25A2E11C1ED7D2CA0068DEC5 /* HZPopBackground.m */ = {isa = PBXFileReference; fileEncoding = 4; lastKnownFileType = sourcecode.c.objc; path = HZPopBackground.m; sourceTree = "<group>"; };
		25A2E11E1ED7E2320068DEC5 /* HZMacro.h */ = {isa = PBXFileReference; lastKnownFileType = sourcecode.c.h; path = HZMacro.h; sourceTree = "<group>"; };
		25A2E1201ED7E5FA0068DEC5 /* TBActionViewController.m */ = {isa = PBXFileReference; fileEncoding = 4; lastKnownFileType = sourcecode.c.objc; path = TBActionViewController.m; sourceTree = "<group>"; };
		25A2E1211ED7E5FA0068DEC5 /* TBActionViewController.h */ = {isa = PBXFileReference; fileEncoding = 4; lastKnownFileType = sourcecode.c.h; path = TBActionViewController.h; sourceTree = "<group>"; };
		25A2E1231ED7E61E0068DEC5 /* HZTestViewController.h */ = {isa = PBXFileReference; lastKnownFileType = sourcecode.c.h; path = HZTestViewController.h; sourceTree = "<group>"; };
		25A2E1241ED7E6330068DEC5 /* HZTestViewController.m */ = {isa = PBXFileReference; fileEncoding = 4; lastKnownFileType = sourcecode.c.objc; path = HZTestViewController.m; sourceTree = "<group>"; };
		25A2E1261ED80BDF0068DEC5 /* HZPopContainer.m */ = {isa = PBXFileReference; fileEncoding = 4; lastKnownFileType = sourcecode.c.objc; path = HZPopContainer.m; sourceTree = "<group>"; };
		25A2E1281ED80BF30068DEC5 /* HZPopContainer.h */ = {isa = PBXFileReference; lastKnownFileType = sourcecode.c.h; path = HZPopContainer.h; sourceTree = "<group>"; };
		25C233EE1ED692B600A1E2EC /* UIViewController+HZAlert.h */ = {isa = PBXFileReference; fileEncoding = 4; lastKnownFileType = sourcecode.c.h; path = "UIViewController+HZAlert.h"; sourceTree = "<group>"; };
		25C233EF1ED692B600A1E2EC /* UIViewController+HZAlert.m */ = {isa = PBXFileReference; fileEncoding = 4; lastKnownFileType = sourcecode.c.objc; path = "UIViewController+HZAlert.m"; sourceTree = "<group>"; };
		25C2340C1ED6BF1500A1E2EC /* HZPopViewController.h */ = {isa = PBXFileReference; lastKnownFileType = sourcecode.c.h; path = HZPopViewController.h; sourceTree = "<group>"; };
		25C2340D1ED6BF2200A1E2EC /* HZPopViewController.m */ = {isa = PBXFileReference; fileEncoding = 4; lastKnownFileType = sourcecode.c.objc; path = HZPopViewController.m; sourceTree = "<group>"; };
		25C2340F1ED6BF6400A1E2EC /* HZPopView.h */ = {isa = PBXFileReference; lastKnownFileType = sourcecode.c.h; path = HZPopView.h; sourceTree = "<group>"; };
		25C234101ED6BF7000A1E2EC /* HZPopView.m */ = {isa = PBXFileReference; fileEncoding = 4; lastKnownFileType = sourcecode.c.objc; path = HZPopView.m; sourceTree = "<group>"; };
		25FA4FD31ED928CF00678477 /* HZAlertView.h */ = {isa = PBXFileReference; lastKnownFileType = sourcecode.c.h; path = HZAlertView.h; sourceTree = "<group>"; };
		25FA4FD41ED928DD00678477 /* HZAlertView.m */ = {isa = PBXFileReference; fileEncoding = 4; lastKnownFileType = sourcecode.c.objc; path = HZAlertView.m; sourceTree = "<group>"; };
		25FA4FD61ED928EA00678477 /* HZSheetView.h */ = {isa = PBXFileReference; lastKnownFileType = sourcecode.c.h; path = HZSheetView.h; sourceTree = "<group>"; };
		25FA4FD71ED928F600678477 /* HZSheetView.m */ = {isa = PBXFileReference; fileEncoding = 4; lastKnownFileType = sourcecode.c.objc; path = HZSheetView.m; sourceTree = "<group>"; };
		50D24E32D667978A113A0C40 /* Pods-HZPopView.debug.xcconfig */ = {isa = PBXFileReference; includeInIndex = 1; lastKnownFileType = text.xcconfig; name = "Pods-HZPopView.debug.xcconfig"; path = "Pods/Target Support Files/Pods-HZPopView/Pods-HZPopView.debug.xcconfig"; sourceTree = "<group>"; };
		C417B6CA6CCDE06900453BBC /* libPods-HZPopView.a */ = {isa = PBXFileReference; explicitFileType = archive.ar; includeInIndex = 0; path = "libPods-HZPopView.a"; sourceTree = BUILT_PRODUCTS_DIR; };
		DE9F9DEA42671E1AD18731E0 /* Pods-HZPopView.release.xcconfig */ = {isa = PBXFileReference; includeInIndex = 1; lastKnownFileType = text.xcconfig; name = "Pods-HZPopView.release.xcconfig"; path = "Pods/Target Support Files/Pods-HZPopView/Pods-HZPopView.release.xcconfig"; sourceTree = "<group>"; };
/* End PBXFileReference section */

/* Begin PBXFrameworksBuildPhase section */
		259D90361ED586780053601D /* Frameworks */ = {
			isa = PBXFrameworksBuildPhase;
			buildActionMask = 2147483647;
			files = (
				785D4783512D966C51827487 /* libPods-HZPopView.a in Frameworks */,
			);
			runOnlyForDeploymentPostprocessing = 0;
		};
/* End PBXFrameworksBuildPhase section */

/* Begin PBXGroup section */
		259D90301ED586780053601D = {
			isa = PBXGroup;
			children = (
				84A40BA86A75A79C33A56F1A /* Frameworks */,
				259D903B1ED586780053601D /* HZPopView */,
				6A931124AB4C79695C0A5B9D /* Pods */,
				259D903A1ED586780053601D /* Products */,
			);
			sourceTree = "<group>";
		};
		259D903A1ED586780053601D /* Products */ = {
			isa = PBXGroup;
			children = (
				259D90391ED586780053601D /* HZPopView.app */,
			);
			name = Products;
			sourceTree = "<group>";
		};
		259D903B1ED586780053601D /* HZPopView */ = {
			isa = PBXGroup;
			children = (
				259D90691ED679080053601D /* Demo */,
				25C233F61ED6BDD900A1E2EC /* HZPopView */,
				259D903C1ED586780053601D /* Supporting Files */,
				259D903F1ED586780053601D /* AppDelegate.h */,
				259D90401ED586780053601D /* AppDelegate.m */,
				259D90481ED586780053601D /* Assets.xcassets */,
				259D904D1ED586780053601D /* Info.plist */,
				259D904A1ED586780053601D /* LaunchScreen.storyboard */,
				259D90451ED586780053601D /* Main.storyboard */,
				259D90731ED67B810053601D /* NSObject+HUD.h */,
				259D90741ED67B810053601D /* NSObject+HUD.m */,
				25C233EE1ED692B600A1E2EC /* UIViewController+HZAlert.h */,
				25C233EF1ED692B600A1E2EC /* UIViewController+HZAlert.m */,
				259D90421ED586780053601D /* ViewController.h */,
				259D90431ED586780053601D /* ViewController.m */,
				259D90671ED66DE30053601D /* dataList.plist */,
			);
			path = HZPopView;
			sourceTree = "<group>";
		};
		259D903C1ED586780053601D /* Supporting Files */ = {
			isa = PBXGroup;
			children = (
				259D903D1ED586780053601D /* main.m */,
			);
			name = "Supporting Files";
			path = "Supporting Files";
			sourceTree = "<group>";
		};
		259D90691ED679080053601D /* Demo */ = {
			isa = PBXGroup;
			children = (
				25A2E11F1ED7E5B50068DEC5 /* HZPop */,
				25C233F11ED692E800A1E2EC /* MMPopup */,
				25C233F21ED692F800A1E2EC /* TBAction */,
			);
			name = Demo;
			path = Demo;
			sourceTree = "<group>";
		};
		25A2E11F1ED7E5B50068DEC5 /* HZPop */ = {
			isa = PBXGroup;
			children = (
				25A2E1231ED7E61E0068DEC5 /* HZTestViewController.h */,
				25A2E1241ED7E6330068DEC5 /* HZTestViewController.m */,
			);
			name = HZPop;
			path = HZPop;
			sourceTree = "<group>";
		};
		25C233F11ED692E800A1E2EC /* MMPopup */ = {
			isa = PBXGroup;
			children = (
				259D906A1ED679150053601D /* MMDateView.h */,
				259D906B1ED679150053601D /* MMDateView.m */,
				259D906C1ED679150053601D /* MMPinView.h */,
				259D906D1ED679150053601D /* MMPinView.m */,
				259D90721ED679510053601D /* MMPopViewController.h */,
				259D90701ED679430053601D /* MMPopViewController.m */,
			);
			name = MMPopup;
			path = MMPopup;
			sourceTree = "<group>";
		};
		25C233F21ED692F800A1E2EC /* TBAction */ = {
			isa = PBXGroup;
			children = (
				25A2E1211ED7E5FA0068DEC5 /* TBActionViewController.h */,
				25A2E1201ED7E5FA0068DEC5 /* TBActionViewController.m */,
			);
			name = TBAction;
			path = TBAction;
			sourceTree = "<group>";
		};
		25C233F61ED6BDD900A1E2EC /* HZPopView */ = {
			isa = PBXGroup;
			children = (
				25FA4FD31ED928CF00678477 /* HZAlertView.h */,
				25FA4FD41ED928DD00678477 /* HZAlertView.m */,
				25A2E11E1ED7E2320068DEC5 /* HZMacro.h */,
				25A2E11B1ED7D2B70068DEC5 /* HZPopBackground.h */,
				25A2E11C1ED7D2CA0068DEC5 /* HZPopBackground.m */,
				25A2E11A1ED7C8650068DEC5 /* HZPopCategory.h */,
				25A2E1181ED7C8500068DEC5 /* HZPopCategory.m */,
				25A2E1281ED80BF30068DEC5 /* HZPopContainer.h */,
				25A2E1261ED80BDF0068DEC5 /* HZPopContainer.m */,
				25C2340F1ED6BF6400A1E2EC /* HZPopView.h */,
				25C234101ED6BF7000A1E2EC /* HZPopView.m */,
				25C2340C1ED6BF1500A1E2EC /* HZPopViewController.h */,
				25C2340D1ED6BF2200A1E2EC /* HZPopViewController.m */,
				25FA4FD61ED928EA00678477 /* HZSheetView.h */,
				25FA4FD71ED928F600678477 /* HZSheetView.m */,
			);
			name = HZPopView;
			path = HZPopView;
			sourceTree = "<group>";
		};
		6A931124AB4C79695C0A5B9D /* Pods */ = {
			isa = PBXGroup;
			children = (
				50D24E32D667978A113A0C40 /* Pods-HZPopView.debug.xcconfig */,
				DE9F9DEA42671E1AD18731E0 /* Pods-HZPopView.release.xcconfig */,
			);
			name = Pods;
			sourceTree = "<group>";
		};
		84A40BA86A75A79C33A56F1A /* Frameworks */ = {
			isa = PBXGroup;
			children = (
				C417B6CA6CCDE06900453BBC /* libPods-HZPopView.a */,
			);
			name = Frameworks;
			sourceTree = "<group>";
		};
/* End PBXGroup section */

/* Begin PBXNativeTarget section */
		259D90381ED586780053601D /* HZPopView */ = {
			isa = PBXNativeTarget;
			buildConfigurationList = 259D90501ED586780053601D /* Build configuration list for PBXNativeTarget "HZPopView" */;
			buildPhases = (
				9F288FCEC5398CB00FCAECED /* [CP] Check Pods Manifest.lock */,
				259D90351ED586780053601D /* Sources */,
				259D90361ED586780053601D /* Frameworks */,
				259D90371ED586780053601D /* Resources */,
				4BD4A35B835D461D29B3972C /* [CP] Embed Pods Frameworks */,
				41CE77A55F6C9C80AE3FA6F8 /* [CP] Copy Pods Resources */,
			);
			buildRules = (
			);
			dependencies = (
			);
			name = HZPopView;
			productName = HZPopView;
			productReference = 259D90391ED586780053601D /* HZPopView.app */;
			productType = "com.apple.product-type.application";
		};
/* End PBXNativeTarget section */

/* Begin PBXProject section */
		259D90311ED586780053601D /* Project object */ = {
			isa = PBXProject;
			attributes = {
				LastUpgradeCheck = 0830;
				ORGANIZATIONNAME = zzgo;
				TargetAttributes = {
					259D90381ED586780053601D = {
						CreatedOnToolsVersion = 8.3.2;
						DevelopmentTeam = 4GK5VN4446;
						ProvisioningStyle = Automatic;
					};
				};
			};
			buildConfigurationList = 259D90341ED586780053601D /* Build configuration list for PBXProject "HZPopView" */;
			compatibilityVersion = "Xcode 3.2";
			developmentRegion = English;
			hasScannedForEncodings = 0;
			knownRegions = (
				en,
				Base,
			);
			mainGroup = 259D90301ED586780053601D;
			productRefGroup = 259D903A1ED586780053601D /* Products */;
			projectDirPath = "";
			projectRoot = "";
			targets = (
				259D90381ED586780053601D /* HZPopView */,
			);
		};
/* End PBXProject section */

/* Begin PBXResourcesBuildPhase section */
		259D90371ED586780053601D /* Resources */ = {
			isa = PBXResourcesBuildPhase;
			buildActionMask = 2147483647;
			files = (
				259D904C1ED586780053601D /* LaunchScreen.storyboard in Resources */,
				259D90491ED586780053601D /* Assets.xcassets in Resources */,
				259D90681ED66DE30053601D /* dataList.plist in Resources */,
				259D90471ED586780053601D /* Main.storyboard in Resources */,
			);
			runOnlyForDeploymentPostprocessing = 0;
		};
/* End PBXResourcesBuildPhase section */

/* Begin PBXShellScriptBuildPhase section */
		41CE77A55F6C9C80AE3FA6F8 /* [CP] Copy Pods Resources */ = {
			isa = PBXShellScriptBuildPhase;
			buildActionMask = 2147483647;
			files = (
			);
			inputPaths = (
			);
			name = "[CP] Copy Pods Resources";
			outputPaths = (
			);
			runOnlyForDeploymentPostprocessing = 0;
			shellPath = /bin/sh;
			shellScript = "\"${SRCROOT}/Pods/Target Support Files/Pods-HZPopView/Pods-HZPopView-resources.sh\"\n";
			showEnvVarsInLog = 0;
		};
		4BD4A35B835D461D29B3972C /* [CP] Embed Pods Frameworks */ = {
			isa = PBXShellScriptBuildPhase;
			buildActionMask = 2147483647;
			files = (
			);
			inputPaths = (
			);
			name = "[CP] Embed Pods Frameworks";
			outputPaths = (
			);
			runOnlyForDeploymentPostprocessing = 0;
			shellPath = /bin/sh;
			shellScript = "\"${SRCROOT}/Pods/Target Support Files/Pods-HZPopView/Pods-HZPopView-frameworks.sh\"\n";
			showEnvVarsInLog = 0;
		};
		9F288FCEC5398CB00FCAECED /* [CP] Check Pods Manifest.lock */ = {
			isa = PBXShellScriptBuildPhase;
			buildActionMask = 2147483647;
			files = (
			);
			inputPaths = (
			);
			name = "[CP] Check Pods Manifest.lock";
			outputPaths = (
			);
			runOnlyForDeploymentPostprocessing = 0;
			shellPath = /bin/sh;
			shellScript = "diff \"${PODS_PODFILE_DIR_PATH}/Podfile.lock\" \"${PODS_ROOT}/Manifest.lock\" > /dev/null\nif [ $? != 0 ] ; then\n    # print error to STDERR\n    echo \"error: The sandbox is not in sync with the Podfile.lock. Run 'pod install' or update your CocoaPods installation.\" >&2\n    exit 1\nfi\n";
			showEnvVarsInLog = 0;
		};
/* End PBXShellScriptBuildPhase section */

/* Begin PBXSourcesBuildPhase section */
		259D90351ED586780053601D /* Sources */ = {
			isa = PBXSourcesBuildPhase;
			buildActionMask = 2147483647;
			files = (
				259D90711ED679430053601D /* MMPopViewController.m in Sources */,
				259D90751ED67B810053601D /* NSObject+HUD.m in Sources */,
				25A2E1191ED7C8500068DEC5 /* HZPopCategory.m in Sources */,
				259D90441ED586780053601D /* ViewController.m in Sources */,
				25C234111ED6BF7000A1E2EC /* HZPopView.m in Sources */,
				259D90411ED586780053601D /* AppDelegate.m in Sources */,
				25A2E1221ED7E5FA0068DEC5 /* TBActionViewController.m in Sources */,
				259D906F1ED679150053601D /* MMPinView.m in Sources */,
				259D906E1ED679150053601D /* MMDateView.m in Sources */,
				259D903E1ED586780053601D /* main.m in Sources */,
				25C2340E1ED6BF2200A1E2EC /* HZPopViewController.m in Sources */,
				25C233F01ED692B600A1E2EC /* UIViewController+HZAlert.m in Sources */,
				25FA4FD81ED928F600678477 /* HZSheetView.m in Sources */,
				25A2E1271ED80BDF0068DEC5 /* HZPopContainer.m in Sources */,
				25FA4FD51ED928DD00678477 /* HZAlertView.m in Sources */,
				25A2E1251ED7E6330068DEC5 /* HZTestViewController.m in Sources */,
				25A2E11D1ED7D2CA0068DEC5 /* HZPopBackground.m in Sources */,
			);
			runOnlyForDeploymentPostprocessing = 0;
		};
/* End PBXSourcesBuildPhase section */

/* Begin PBXVariantGroup section */
		259D90451ED586780053601D /* Main.storyboard */ = {
			isa = PBXVariantGroup;
			children = (
				259D90461ED586780053601D /* Base */,
			);
			name = Main.storyboard;
			path = .;
			sourceTree = "<group>";
		};
		259D904A1ED586780053601D /* LaunchScreen.storyboard */ = {
			isa = PBXVariantGroup;
			children = (
				259D904B1ED586780053601D /* Base */,
			);
			name = LaunchScreen.storyboard;
			path = .;
			sourceTree = "<group>";
		};
/* End PBXVariantGroup section */

/* Begin XCBuildConfiguration section */
		259D904E1ED586780053601D /* Debug */ = {
			isa = XCBuildConfiguration;
			buildSettings = {
				ALWAYS_SEARCH_USER_PATHS = NO;
				CLANG_ANALYZER_NONNULL = YES;
				CLANG_ANALYZER_NUMBER_OBJECT_CONVERSION = YES_AGGRESSIVE;
				CLANG_CXX_LANGUAGE_STANDARD = "gnu++0x";
				CLANG_CXX_LIBRARY = "libc++";
				CLANG_ENABLE_MODULES = YES;
				CLANG_ENABLE_OBJC_ARC = YES;
				CLANG_WARN_BOOL_CONVERSION = YES;
				CLANG_WARN_CONSTANT_CONVERSION = YES;
				CLANG_WARN_DIRECT_OBJC_ISA_USAGE = YES_ERROR;
				CLANG_WARN_DOCUMENTATION_COMMENTS = YES;
				CLANG_WARN_EMPTY_BODY = YES;
				CLANG_WARN_ENUM_CONVERSION = YES;
				CLANG_WARN_INFINITE_RECURSION = YES;
				CLANG_WARN_INT_CONVERSION = YES;
				CLANG_WARN_OBJC_ROOT_CLASS = YES_ERROR;
				CLANG_WARN_SUSPICIOUS_MOVE = YES;
				CLANG_WARN_UNREACHABLE_CODE = YES;
				CLANG_WARN__DUPLICATE_METHOD_MATCH = YES;
				"CODE_SIGN_IDENTITY[sdk=iphoneos*]" = "iPhone Developer";
				COPY_PHASE_STRIP = NO;
				DEBUG_INFORMATION_FORMAT = dwarf;
				ENABLE_STRICT_OBJC_MSGSEND = YES;
				ENABLE_TESTABILITY = YES;
				GCC_C_LANGUAGE_STANDARD = gnu99;
				GCC_DYNAMIC_NO_PIC = NO;
				GCC_NO_COMMON_BLOCKS = YES;
				GCC_OPTIMIZATION_LEVEL = 0;
				GCC_PREPROCESSOR_DEFINITIONS = (
					"DEBUG=1",
					"$(inherited)",
				);
				GCC_WARN_64_TO_32_BIT_CONVERSION = YES;
				GCC_WARN_ABOUT_RETURN_TYPE = YES_ERROR;
				GCC_WARN_UNDECLARED_SELECTOR = YES;
				GCC_WARN_UNINITIALIZED_AUTOS = YES_AGGRESSIVE;
				GCC_WARN_UNUSED_FUNCTION = YES;
				GCC_WARN_UNUSED_VARIABLE = YES;
				IPHONEOS_DEPLOYMENT_TARGET = 10.3;
				MTL_ENABLE_DEBUG_INFO = YES;
				ONLY_ACTIVE_ARCH = YES;
				SDKROOT = iphoneos;
			};
			name = Debug;
		};
		259D904F1ED586780053601D /* Release */ = {
			isa = XCBuildConfiguration;
			buildSettings = {
				ALWAYS_SEARCH_USER_PATHS = NO;
				CLANG_ANALYZER_NONNULL = YES;
				CLANG_ANALYZER_NUMBER_OBJECT_CONVERSION = YES_AGGRESSIVE;
				CLANG_CXX_LANGUAGE_STANDARD = "gnu++0x";
				CLANG_CXX_LIBRARY = "libc++";
				CLANG_ENABLE_MODULES = YES;
				CLANG_ENABLE_OBJC_ARC = YES;
				CLANG_WARN_BOOL_CONVERSION = YES;
				CLANG_WARN_CONSTANT_CONVERSION = YES;
				CLANG_WARN_DIRECT_OBJC_ISA_USAGE = YES_ERROR;
				CLANG_WARN_DOCUMENTATION_COMMENTS = YES;
				CLANG_WARN_EMPTY_BODY = YES;
				CLANG_WARN_ENUM_CONVERSION = YES;
				CLANG_WARN_INFINITE_RECURSION = YES;
				CLANG_WARN_INT_CONVERSION = YES;
				CLANG_WARN_OBJC_ROOT_CLASS = YES_ERROR;
				CLANG_WARN_SUSPICIOUS_MOVE = YES;
				CLANG_WARN_UNREACHABLE_CODE = YES;
				CLANG_WARN__DUPLICATE_METHOD_MATCH = YES;
				"CODE_SIGN_IDENTITY[sdk=iphoneos*]" = "iPhone Developer";
				COPY_PHASE_STRIP = NO;
				DEBUG_INFORMATION_FORMAT = "dwarf-with-dsym";
				ENABLE_NS_ASSERTIONS = NO;
				ENABLE_STRICT_OBJC_MSGSEND = YES;
				GCC_C_LANGUAGE_STANDARD = gnu99;
				GCC_NO_COMMON_BLOCKS = YES;
				GCC_WARN_64_TO_32_BIT_CONVERSION = YES;
				GCC_WARN_ABOUT_RETURN_TYPE = YES_ERROR;
				GCC_WARN_UNDECLARED_SELECTOR = YES;
				GCC_WARN_UNINITIALIZED_AUTOS = YES_AGGRESSIVE;
				GCC_WARN_UNUSED_FUNCTION = YES;
				GCC_WARN_UNUSED_VARIABLE = YES;
				IPHONEOS_DEPLOYMENT_TARGET = 10.3;
				MTL_ENABLE_DEBUG_INFO = NO;
				SDKROOT = iphoneos;
				VALIDATE_PRODUCT = YES;
			};
			name = Release;
		};
		259D90511ED586780053601D /* Debug */ = {
			isa = XCBuildConfiguration;
			baseConfigurationReference = 50D24E32D667978A113A0C40 /* Pods-HZPopView.debug.xcconfig */;
			buildSettings = {
				ASSETCATALOG_COMPILER_APPICON_NAME = AppIcon;
				DEVELOPMENT_TEAM = 4GK5VN4446;
				INFOPLIST_FILE = HZPopView/Info.plist;
				IPHONEOS_DEPLOYMENT_TARGET = 9.0;
				LD_RUNPATH_SEARCH_PATHS = "$(inherited) @executable_path/Frameworks";
				PRODUCT_BUNDLE_IDENTIFIER = com.zzgo.HZPopView;
				PRODUCT_NAME = "$(TARGET_NAME)";
			};
			name = Debug;
		};
		259D90521ED586780053601D /* Release */ = {
			isa = XCBuildConfiguration;
			baseConfigurationReference = DE9F9DEA42671E1AD18731E0 /* Pods-HZPopView.release.xcconfig */;
			buildSettings = {
				ASSETCATALOG_COMPILER_APPICON_NAME = AppIcon;
				DEVELOPMENT_TEAM = 4GK5VN4446;
				INFOPLIST_FILE = HZPopView/Info.plist;
				IPHONEOS_DEPLOYMENT_TARGET = 9.0;
				LD_RUNPATH_SEARCH_PATHS = "$(inherited) @executable_path/Frameworks";
				PRODUCT_BUNDLE_IDENTIFIER = com.zzgo.HZPopView;
				PRODUCT_NAME = "$(TARGET_NAME)";
			};
			name = Release;
		};
/* End XCBuildConfiguration section */

/* Begin XCConfigurationList section */
		259D90341ED586780053601D /* Build configuration list for PBXProject "HZPopView" */ = {
			isa = XCConfigurationList;
			buildConfigurations = (
				259D904E1ED586780053601D /* Debug */,
				259D904F1ED586780053601D /* Release */,
			);
			defaultConfigurationIsVisible = 0;
			defaultConfigurationName = Release;
		};
		259D90501ED586780053601D /* Build configuration list for PBXNativeTarget "HZPopView" */ = {
			isa = XCConfigurationList;
			buildConfigurations = (
				259D90511ED586780053601D /* Debug */,
				259D90521ED586780053601D /* Release */,
			);
			defaultConfigurationIsVisible = 0;
			defaultConfigurationName = Release;
		};
/* End XCConfigurationList section */
	};
	rootObject = 259D90311ED586780053601D /* Project object */;
}
